
Microsoft Visual Studio Solution File, Format Version 12.00
# Visual Studio Version 17
VisualStudioVersion = 17.11.35208.52
MinimumVisualStudioVersion = 10.0.40219.1
Project("{FAE04EC0-301F-11D3-BF4B-00C04F79EFBC}") = "LakeCommerce.api", "LakeCommerce.api\LakeCommerce.api.csproj", "{485EBB7B-E12E-448E-AB6D-7B350956E927}"
EndProject
Global
	GlobalSection(SolutionConfigurationPlatforms) = preSolution
		Debug|Any CPU = Debug|Any CPU
		Release|Any CPU = Release|Any CPU
	EndGlobalSection
	GlobalSection(ProjectConfigurationPlatforms) = postSolution
		{485EBB7B-E12E-448E-AB6D-7B350956E927}.Debug|Any CPU.ActiveCfg = Debug|Any CPU
		{485EBB7B-E12E-448E-AB6D-7B350956E927}.Debug|Any CPU.Build.0 = Debug|Any CPU
		{485EBB7B-E12E-448E-AB6D-7B350956E927}.Release|Any CPU.ActiveCfg = Release|Any CPU
		{485EBB7B-E12E-448E-AB6D-7B350956E927}.Release|Any CPU.Build.0 = Release|Any CPU
	EndGlobalSection
	GlobalSection(SolutionProperties) = preSolution
		HideSolutionNode = FALSE
	EndGlobalSection
	GlobalSection(ExtensibilityGlobals) = postSolution
		SolutionGuid = {43D83321-ADCE-471C-8845-F15B0A541E59}
	EndGlobalSection
EndGlobal
